
Microsoft Visual Studio Solution File, Format Version 12.00
# Visual Studio 14
VisualStudioVersion = 14.0.25420.1
MinimumVisualStudioVersion = 10.0.40219.1
Project("{8BC9CEB8-8B4A-11D0-8D11-00A0C91BC942}") = "MaxSubArray", "MaxSubArray\MaxSubArray.vcxproj", "{0DC79498-2643-40B4-9CA7-1AE34BE7F3F1}"
EndProject
Project("{8BC9CEB8-8B4A-11D0-8D11-00A0C91BC942}") = "SumPairArray", "SumPairArray\SumPairArray.vcxproj", "{7D22D09E-3172-4B1C-BBEB-54AE07BC476B}"
EndProject
Project("{8BC9CEB8-8B4A-11D0-8D11-00A0C91BC942}") = "ShortestPath", "ShortestPath\ShortestPath.vcxproj", "{4CB7F14A-8CF3-442A-8758-745659F3BDF0}"
EndProject
Project("{8BC9CEB8-8B4A-11D0-8D11-00A0C91BC942}") = "MissingNumber", "MissingNumber\MissingNumber.vcxproj", "{4DB403D0-E189-46D6-8D80-3E7761A41A97}"
EndProject
Project("{8BC9CEB8-8B4A-11D0-8D11-00A0C91BC942}") = "BST", "BST\BST.vcxproj", "{FAB2449F-EF98-4F04-9C1D-25FF068A2DDD}"
EndProject
Project("{8BC9CEB8-8B4A-11D0-8D11-00A0C91BC942}") = "AVL", "AVL\AVL.vcxproj", "{D9747B18-688B-4A20-A9C7-8B4F87C9BA61}"
EndProject
Project("{8BC9CEB8-8B4A-11D0-8D11-00A0C91BC942}") = "FloodFill", "FloodFill\FloodFill.vcxproj", "{736ABE7A-A39F-4720-B381-C65A9D92EC10}"
EndProject
Project("{8BC9CEB8-8B4A-11D0-8D11-00A0C91BC942}") = "DutchFlag", "DutchFlag\DutchFlag.vcxproj", "{7542EEBF-884D-4C53-AFD0-9169A5D8B8A5}"
EndProject
Project("{8BC9CEB8-8B4A-11D0-8D11-00A0C91BC942}") = "IslandPerimeter", "IslandPerimeter\IslandPerimeter.vcxproj", "{6D4692A5-EAA4-475B-A5AA-A6E9B14059B4}"
EndProject
Project("{8BC9CEB8-8B4A-11D0-8D11-00A0C91BC942}") = "ToLowerCase", "ToLowerCase\ToLowerCase.vcxproj", "{0F85154C-A97E-4D58-8237-61EEC3D24C78}"
EndProject
Project("{8BC9CEB8-8B4A-11D0-8D11-00A0C91BC942}") = "MiddleOfLinkedList", "MiddleOfLinkedList\MiddleOfLinkedList.vcxproj", "{C4F273C7-8C77-4105-AA81-44F1B533EFFC}"
EndProject
Project("{8BC9CEB8-8B4A-11D0-8D11-00A0C91BC942}") = "SelfDivingNumbers", "SelfDivingNumbers\SelfDivingNumbers.vcxproj", "{AA638AA8-D4C7-4EA3-8F0E-EDF805DEB197}"
EndProject
Project("{8BC9CEB8-8B4A-11D0-8D11-00A0C91BC942}") = "TalkingClock", "TalkingClock\TalkingClock.vcxproj", "{6A94B73A-C606-4D24-9CB9-6C9F0FCDB8E0}"
EndProject
Project("{8BC9CEB8-8B4A-11D0-8D11-00A0C91BC942}") = "SpiralAscension", "SpiralAscension\SpiralAscension.vcxproj", "{6BDC157E-0668-48E6-AA57-6AAD6748C925}"
EndProject
Project("{8BC9CEB8-8B4A-11D0-8D11-00A0C91BC942}") = "MoveZeros", "MoveZeros\MoveZeros.vcxproj", "{1F1E567B-1D5F-4B0F-8FBE-0935F9283513}"
EndProject
Project("{8BC9CEB8-8B4A-11D0-8D11-00A0C91BC942}") = "FindDuplicatesArray", "FindDuplicatesArray\FindDuplicatesArray.vcxproj", "{41EFCBE4-DD6B-46D0-BDB3-A68936E11CCC}"
EndProject
Project("{8BC9CEB8-8B4A-11D0-8D11-00A0C91BC942}") = "DailyTemperatures", "DailyTemperatures\DailyTemperatures.vcxproj", "{8106A217-3E09-4E95-B957-539FEA0ABC49}"
EndProject
Project("{8BC9CEB8-8B4A-11D0-8D11-00A0C91BC942}") = "NextGreaterElement1", "NextGreaterElement1\NextGreaterElement1.vcxproj", "{D0B248A1-E04B-489F-AA59-1F198C206B48}"
EndProject
Project("{8BC9CEB8-8B4A-11D0-8D11-00A0C91BC942}") = "KeyboardRow", "KeyboardRow\KeyboardRow.vcxproj", "{1DE180B4-E315-4F14-9412-B1BACC039027}"
EndProject
Project("{8BC9CEB8-8B4A-11D0-8D11-00A0C91BC942}") = "ArrayPartition1", "ArrayPartition1\ArrayPartition1.vcxproj", "{660460BF-EAEB-44C8-AB9E-189D769301B7}"
EndProject
Project("{8BC9CEB8-8B4A-11D0-8D11-00A0C91BC942}") = "MergeTwoSortedLists", "MergeTwoSortedLists\MergeTwoSortedLists.vcxproj", "{BE75AD43-83D2-4AED-BA10-8D83A79F1E41}"
EndProject
Project("{8BC9CEB8-8B4A-11D0-8D11-00A0C91BC942}") = "LinkedList", "LinkedList\LinkedList.vcxproj", "{9A0EB491-4CF6-46BB-8DDE-5A0510E6149D}"
EndProject
Project("{8BC9CEB8-8B4A-11D0-8D11-00A0C91BC942}") = "ReverseWordsInString1", "ReverseWordsInString1\ReverseWordsInString1.vcxproj", "{F608A14B-F25F-4C7E-BEED-DD068CE85326}"
EndProject
Project("{8BC9CEB8-8B4A-11D0-8D11-00A0C91BC942}") = "MaximumBinaryTree", "MaximumBinaryTree\MaximumBinaryTree.vcxproj", "{D33E9DDE-4C28-460B-81B8-7EBE624C2B08}"
EndProject
Project("{8BC9CEB8-8B4A-11D0-8D11-00A0C91BC942}") = "TransposeMatrix", "TransposeMatrix\TransposeMatrix.vcxproj", "{244AA0EB-C39E-4555-8783-31A9E06AEB8E}"
EndProject
Project("{8BC9CEB8-8B4A-11D0-8D11-00A0C91BC942}") = "MakeParenthesesValid", "MakeParenthesesValid\MakeParenthesesValid.vcxproj", "{09F330FC-CBB3-4C90-AB60-404F6C9FC6DA}"
EndProject
Global
	GlobalSection(SolutionConfigurationPlatforms) = preSolution
		Debug|Any CPU = Debug|Any CPU
		Debug|x64 = Debug|x64
		Debug|x86 = Debug|x86
		Release|Any CPU = Release|Any CPU
		Release|x64 = Release|x64
		Release|x86 = Release|x86
	EndGlobalSection
	GlobalSection(ProjectConfigurationPlatforms) = postSolution
		{0DC79498-2643-40B4-9CA7-1AE34BE7F3F1}.Debug|Any CPU.ActiveCfg = Debug|Win32
		{0DC79498-2643-40B4-9CA7-1AE34BE7F3F1}.Debug|x64.ActiveCfg = Debug|x64
		{0DC79498-2643-40B4-9CA7-1AE34BE7F3F1}.Debug|x64.Build.0 = Debug|x64
		{0DC79498-2643-40B4-9CA7-1AE34BE7F3F1}.Debug|x86.ActiveCfg = Debug|Win32
		{0DC79498-2643-40B4-9CA7-1AE34BE7F3F1}.Debug|x86.Build.0 = Debug|Win32
		{0DC79498-2643-40B4-9CA7-1AE34BE7F3F1}.Release|Any CPU.ActiveCfg = Release|Win32
		{0DC79498-2643-40B4-9CA7-1AE34BE7F3F1}.Release|x64.ActiveCfg = Release|x64
		{0DC79498-2643-40B4-9CA7-1AE34BE7F3F1}.Release|x64.Build.0 = Release|x64
		{0DC79498-2643-40B4-9CA7-1AE34BE7F3F1}.Release|x86.ActiveCfg = Release|Win32
		{0DC79498-2643-40B4-9CA7-1AE34BE7F3F1}.Release|x86.Build.0 = Release|Win32
		{7D22D09E-3172-4B1C-BBEB-54AE07BC476B}.Debug|Any CPU.ActiveCfg = Debug|Win32
		{7D22D09E-3172-4B1C-BBEB-54AE07BC476B}.Debug|x64.ActiveCfg = Debug|x64
		{7D22D09E-3172-4B1C-BBEB-54AE07BC476B}.Debug|x64.Build.0 = Debug|x64
		{7D22D09E-3172-4B1C-BBEB-54AE07BC476B}.Debug|x86.ActiveCfg = Debug|Win32
		{7D22D09E-3172-4B1C-BBEB-54AE07BC476B}.Debug|x86.Build.0 = Debug|Win32
		{7D22D09E-3172-4B1C-BBEB-54AE07BC476B}.Release|Any CPU.ActiveCfg = Release|Win32
		{7D22D09E-3172-4B1C-BBEB-54AE07BC476B}.Release|x64.ActiveCfg = Release|x64
		{7D22D09E-3172-4B1C-BBEB-54AE07BC476B}.Release|x64.Build.0 = Release|x64
		{7D22D09E-3172-4B1C-BBEB-54AE07BC476B}.Release|x86.ActiveCfg = Release|Win32
		{7D22D09E-3172-4B1C-BBEB-54AE07BC476B}.Release|x86.Build.0 = Release|Win32
		{4CB7F14A-8CF3-442A-8758-745659F3BDF0}.Debug|Any CPU.ActiveCfg = Debug|Win32
		{4CB7F14A-8CF3-442A-8758-745659F3BDF0}.Debug|x64.ActiveCfg = Debug|x64
		{4CB7F14A-8CF3-442A-8758-745659F3BDF0}.Debug|x64.Build.0 = Debug|x64
		{4CB7F14A-8CF3-442A-8758-745659F3BDF0}.Debug|x86.ActiveCfg = Debug|Win32
		{4CB7F14A-8CF3-442A-8758-745659F3BDF0}.Debug|x86.Build.0 = Debug|Win32
		{4CB7F14A-8CF3-442A-8758-745659F3BDF0}.Release|Any CPU.ActiveCfg = Release|Win32
		{4CB7F14A-8CF3-442A-8758-745659F3BDF0}.Release|x64.ActiveCfg = Release|x64
		{4CB7F14A-8CF3-442A-8758-745659F3BDF0}.Release|x64.Build.0 = Release|x64
		{4CB7F14A-8CF3-442A-8758-745659F3BDF0}.Release|x86.ActiveCfg = Release|Win32
		{4CB7F14A-8CF3-442A-8758-745659F3BDF0}.Release|x86.Build.0 = Release|Win32
		{4DB403D0-E189-46D6-8D80-3E7761A41A97}.Debug|Any CPU.ActiveCfg = Debug|Win32
		{4DB403D0-E189-46D6-8D80-3E7761A41A97}.Debug|x64.ActiveCfg = Debug|x64
		{4DB403D0-E189-46D6-8D80-3E7761A41A97}.Debug|x64.Build.0 = Debug|x64
		{4DB403D0-E189-46D6-8D80-3E7761A41A97}.Debug|x86.ActiveCfg = Debug|Win32
		{4DB403D0-E189-46D6-8D80-3E7761A41A97}.Debug|x86.Build.0 = Debug|Win32
		{4DB403D0-E189-46D6-8D80-3E7761A41A97}.Release|Any CPU.ActiveCfg = Release|Win32
		{4DB403D0-E189-46D6-8D80-3E7761A41A97}.Release|x64.ActiveCfg = Release|x64
		{4DB403D0-E189-46D6-8D80-3E7761A41A97}.Release|x64.Build.0 = Release|x64
		{4DB403D0-E189-46D6-8D80-3E7761A41A97}.Release|x86.ActiveCfg = Release|Win32
		{4DB403D0-E189-46D6-8D80-3E7761A41A97}.Release|x86.Build.0 = Release|Win32
		{FAB2449F-EF98-4F04-9C1D-25FF068A2DDD}.Debug|Any CPU.ActiveCfg = Debug|Win32
		{FAB2449F-EF98-4F04-9C1D-25FF068A2DDD}.Debug|x64.ActiveCfg = Debug|x64
		{FAB2449F-EF98-4F04-9C1D-25FF068A2DDD}.Debug|x64.Build.0 = Debug|x64
		{FAB2449F-EF98-4F04-9C1D-25FF068A2DDD}.Debug|x86.ActiveCfg = Debug|Win32
		{FAB2449F-EF98-4F04-9C1D-25FF068A2DDD}.Debug|x86.Build.0 = Debug|Win32
		{FAB2449F-EF98-4F04-9C1D-25FF068A2DDD}.Release|Any CPU.ActiveCfg = Release|Win32
		{FAB2449F-EF98-4F04-9C1D-25FF068A2DDD}.Release|x64.ActiveCfg = Release|x64
		{FAB2449F-EF98-4F04-9C1D-25FF068A2DDD}.Release|x64.Build.0 = Release|x64
		{FAB2449F-EF98-4F04-9C1D-25FF068A2DDD}.Release|x86.ActiveCfg = Release|Win32
		{FAB2449F-EF98-4F04-9C1D-25FF068A2DDD}.Release|x86.Build.0 = Release|Win32
		{D9747B18-688B-4A20-A9C7-8B4F87C9BA61}.Debug|Any CPU.ActiveCfg = Debug|Win32
		{D9747B18-688B-4A20-A9C7-8B4F87C9BA61}.Debug|x64.ActiveCfg = Debug|x64
		{D9747B18-688B-4A20-A9C7-8B4F87C9BA61}.Debug|x64.Build.0 = Debug|x64
		{D9747B18-688B-4A20-A9C7-8B4F87C9BA61}.Debug|x86.ActiveCfg = Debug|Win32
		{D9747B18-688B-4A20-A9C7-8B4F87C9BA61}.Debug|x86.Build.0 = Debug|Win32
		{D9747B18-688B-4A20-A9C7-8B4F87C9BA61}.Release|Any CPU.ActiveCfg = Release|Win32
		{D9747B18-688B-4A20-A9C7-8B4F87C9BA61}.Release|x64.ActiveCfg = Release|x64
		{D9747B18-688B-4A20-A9C7-8B4F87C9BA61}.Release|x64.Build.0 = Release|x64
		{D9747B18-688B-4A20-A9C7-8B4F87C9BA61}.Release|x86.ActiveCfg = Release|Win32
		{D9747B18-688B-4A20-A9C7-8B4F87C9BA61}.Release|x86.Build.0 = Release|Win32
		{736ABE7A-A39F-4720-B381-C65A9D92EC10}.Debug|Any CPU.ActiveCfg = Debug|Win32
		{736ABE7A-A39F-4720-B381-C65A9D92EC10}.Debug|x64.ActiveCfg = Debug|x64
		{736ABE7A-A39F-4720-B381-C65A9D92EC10}.Debug|x64.Build.0 = Debug|x64
		{736ABE7A-A39F-4720-B381-C65A9D92EC10}.Debug|x86.ActiveCfg = Debug|Win32
		{736ABE7A-A39F-4720-B381-C65A9D92EC10}.Debug|x86.Build.0 = Debug|Win32
		{736ABE7A-A39F-4720-B381-C65A9D92EC10}.Release|Any CPU.ActiveCfg = Release|Win32
		{736ABE7A-A39F-4720-B381-C65A9D92EC10}.Release|x64.ActiveCfg = Release|x64
		{736ABE7A-A39F-4720-B381-C65A9D92EC10}.Release|x64.Build.0 = Release|x64
		{736ABE7A-A39F-4720-B381-C65A9D92EC10}.Release|x86.ActiveCfg = Release|Win32
		{736ABE7A-A39F-4720-B381-C65A9D92EC10}.Release|x86.Build.0 = Release|Win32
		{7542EEBF-884D-4C53-AFD0-9169A5D8B8A5}.Debug|Any CPU.ActiveCfg = Debug|Win32
		{7542EEBF-884D-4C53-AFD0-9169A5D8B8A5}.Debug|x64.ActiveCfg = Debug|x64
		{7542EEBF-884D-4C53-AFD0-9169A5D8B8A5}.Debug|x64.Build.0 = Debug|x64
		{7542EEBF-884D-4C53-AFD0-9169A5D8B8A5}.Debug|x86.ActiveCfg = Debug|Win32
		{7542EEBF-884D-4C53-AFD0-9169A5D8B8A5}.Debug|x86.Build.0 = Debug|Win32
		{7542EEBF-884D-4C53-AFD0-9169A5D8B8A5}.Release|Any CPU.ActiveCfg = Release|Win32
		{7542EEBF-884D-4C53-AFD0-9169A5D8B8A5}.Release|x64.ActiveCfg = Release|x64
		{7542EEBF-884D-4C53-AFD0-9169A5D8B8A5}.Release|x64.Build.0 = Release|x64
		{7542EEBF-884D-4C53-AFD0-9169A5D8B8A5}.Release|x86.ActiveCfg = Release|Win32
		{7542EEBF-884D-4C53-AFD0-9169A5D8B8A5}.Release|x86.Build.0 = Release|Win32
		{6D4692A5-EAA4-475B-A5AA-A6E9B14059B4}.Debug|Any CPU.ActiveCfg = Debug|Win32
		{6D4692A5-EAA4-475B-A5AA-A6E9B14059B4}.Debug|x64.ActiveCfg = Debug|x64
		{6D4692A5-EAA4-475B-A5AA-A6E9B14059B4}.Debug|x64.Build.0 = Debug|x64
		{6D4692A5-EAA4-475B-A5AA-A6E9B14059B4}.Debug|x86.ActiveCfg = Debug|Win32
		{6D4692A5-EAA4-475B-A5AA-A6E9B14059B4}.Debug|x86.Build.0 = Debug|Win32
		{6D4692A5-EAA4-475B-A5AA-A6E9B14059B4}.Release|Any CPU.ActiveCfg = Release|Win32
		{6D4692A5-EAA4-475B-A5AA-A6E9B14059B4}.Release|x64.ActiveCfg = Release|x64
		{6D4692A5-EAA4-475B-A5AA-A6E9B14059B4}.Release|x64.Build.0 = Release|x64
		{6D4692A5-EAA4-475B-A5AA-A6E9B14059B4}.Release|x86.ActiveCfg = Release|Win32
		{6D4692A5-EAA4-475B-A5AA-A6E9B14059B4}.Release|x86.Build.0 = Release|Win32
		{0F85154C-A97E-4D58-8237-61EEC3D24C78}.Debug|Any CPU.ActiveCfg = Debug|Win32
		{0F85154C-A97E-4D58-8237-61EEC3D24C78}.Debug|x64.ActiveCfg = Debug|x64
		{0F85154C-A97E-4D58-8237-61EEC3D24C78}.Debug|x64.Build.0 = Debug|x64
		{0F85154C-A97E-4D58-8237-61EEC3D24C78}.Debug|x86.ActiveCfg = Debug|Win32
		{0F85154C-A97E-4D58-8237-61EEC3D24C78}.Debug|x86.Build.0 = Debug|Win32
		{0F85154C-A97E-4D58-8237-61EEC3D24C78}.Release|Any CPU.ActiveCfg = Release|Win32
		{0F85154C-A97E-4D58-8237-61EEC3D24C78}.Release|x64.ActiveCfg = Release|x64
		{0F85154C-A97E-4D58-8237-61EEC3D24C78}.Release|x64.Build.0 = Release|x64
		{0F85154C-A97E-4D58-8237-61EEC3D24C78}.Release|x86.ActiveCfg = Release|Win32
		{0F85154C-A97E-4D58-8237-61EEC3D24C78}.Release|x86.Build.0 = Release|Win32
		{C4F273C7-8C77-4105-AA81-44F1B533EFFC}.Debug|Any CPU.ActiveCfg = Debug|Win32
		{C4F273C7-8C77-4105-AA81-44F1B533EFFC}.Debug|x64.ActiveCfg = Debug|x64
		{C4F273C7-8C77-4105-AA81-44F1B533EFFC}.Debug|x64.Build.0 = Debug|x64
		{C4F273C7-8C77-4105-AA81-44F1B533EFFC}.Debug|x86.ActiveCfg = Debug|Win32
		{C4F273C7-8C77-4105-AA81-44F1B533EFFC}.Debug|x86.Build.0 = Debug|Win32
		{C4F273C7-8C77-4105-AA81-44F1B533EFFC}.Release|Any CPU.ActiveCfg = Release|Win32
		{C4F273C7-8C77-4105-AA81-44F1B533EFFC}.Release|x64.ActiveCfg = Release|x64
		{C4F273C7-8C77-4105-AA81-44F1B533EFFC}.Release|x64.Build.0 = Release|x64
		{C4F273C7-8C77-4105-AA81-44F1B533EFFC}.Release|x86.ActiveCfg = Release|Win32
		{C4F273C7-8C77-4105-AA81-44F1B533EFFC}.Release|x86.Build.0 = Release|Win32
		{AA638AA8-D4C7-4EA3-8F0E-EDF805DEB197}.Debug|Any CPU.ActiveCfg = Debug|Win32
		{AA638AA8-D4C7-4EA3-8F0E-EDF805DEB197}.Debug|x64.ActiveCfg = Debug|x64
		{AA638AA8-D4C7-4EA3-8F0E-EDF805DEB197}.Debug|x64.Build.0 = Debug|x64
		{AA638AA8-D4C7-4EA3-8F0E-EDF805DEB197}.Debug|x86.ActiveCfg = Debug|Win32
		{AA638AA8-D4C7-4EA3-8F0E-EDF805DEB197}.Debug|x86.Build.0 = Debug|Win32
		{AA638AA8-D4C7-4EA3-8F0E-EDF805DEB197}.Release|Any CPU.ActiveCfg = Release|Win32
		{AA638AA8-D4C7-4EA3-8F0E-EDF805DEB197}.Release|x64.ActiveCfg = Release|x64
		{AA638AA8-D4C7-4EA3-8F0E-EDF805DEB197}.Release|x64.Build.0 = Release|x64
		{AA638AA8-D4C7-4EA3-8F0E-EDF805DEB197}.Release|x86.ActiveCfg = Release|Win32
		{AA638AA8-D4C7-4EA3-8F0E-EDF805DEB197}.Release|x86.Build.0 = Release|Win32
		{6A94B73A-C606-4D24-9CB9-6C9F0FCDB8E0}.Debug|Any CPU.ActiveCfg = Debug|Win32
		{6A94B73A-C606-4D24-9CB9-6C9F0FCDB8E0}.Debug|x64.ActiveCfg = Debug|x64
		{6A94B73A-C606-4D24-9CB9-6C9F0FCDB8E0}.Debug|x64.Build.0 = Debug|x64
		{6A94B73A-C606-4D24-9CB9-6C9F0FCDB8E0}.Debug|x86.ActiveCfg = Debug|Win32
		{6A94B73A-C606-4D24-9CB9-6C9F0FCDB8E0}.Debug|x86.Build.0 = Debug|Win32
		{6A94B73A-C606-4D24-9CB9-6C9F0FCDB8E0}.Release|Any CPU.ActiveCfg = Release|Win32
		{6A94B73A-C606-4D24-9CB9-6C9F0FCDB8E0}.Release|x64.ActiveCfg = Release|x64
		{6A94B73A-C606-4D24-9CB9-6C9F0FCDB8E0}.Release|x64.Build.0 = Release|x64
		{6A94B73A-C606-4D24-9CB9-6C9F0FCDB8E0}.Release|x86.ActiveCfg = Release|Win32
		{6A94B73A-C606-4D24-9CB9-6C9F0FCDB8E0}.Release|x86.Build.0 = Release|Win32
		{6BDC157E-0668-48E6-AA57-6AAD6748C925}.Debug|Any CPU.ActiveCfg = Debug|Win32
		{6BDC157E-0668-48E6-AA57-6AAD6748C925}.Debug|x64.ActiveCfg = Debug|x64
		{6BDC157E-0668-48E6-AA57-6AAD6748C925}.Debug|x64.Build.0 = Debug|x64
		{6BDC157E-0668-48E6-AA57-6AAD6748C925}.Debug|x86.ActiveCfg = Debug|Win32
		{6BDC157E-0668-48E6-AA57-6AAD6748C925}.Debug|x86.Build.0 = Debug|Win32
		{6BDC157E-0668-48E6-AA57-6AAD6748C925}.Release|Any CPU.ActiveCfg = Release|Win32
		{6BDC157E-0668-48E6-AA57-6AAD6748C925}.Release|x64.ActiveCfg = Release|x64
		{6BDC157E-0668-48E6-AA57-6AAD6748C925}.Release|x64.Build.0 = Release|x64
		{6BDC157E-0668-48E6-AA57-6AAD6748C925}.Release|x86.ActiveCfg = Release|Win32
		{6BDC157E-0668-48E6-AA57-6AAD6748C925}.Release|x86.Build.0 = Release|Win32
		{1F1E567B-1D5F-4B0F-8FBE-0935F9283513}.Debug|Any CPU.ActiveCfg = Debug|Win32
		{1F1E567B-1D5F-4B0F-8FBE-0935F9283513}.Debug|x64.ActiveCfg = Debug|x64
		{1F1E567B-1D5F-4B0F-8FBE-0935F9283513}.Debug|x64.Build.0 = Debug|x64
		{1F1E567B-1D5F-4B0F-8FBE-0935F9283513}.Debug|x86.ActiveCfg = Debug|Win32
		{1F1E567B-1D5F-4B0F-8FBE-0935F9283513}.Debug|x86.Build.0 = Debug|Win32
		{1F1E567B-1D5F-4B0F-8FBE-0935F9283513}.Release|Any CPU.ActiveCfg = Release|Win32
		{1F1E567B-1D5F-4B0F-8FBE-0935F9283513}.Release|x64.ActiveCfg = Release|x64
		{1F1E567B-1D5F-4B0F-8FBE-0935F9283513}.Release|x64.Build.0 = Release|x64
		{1F1E567B-1D5F-4B0F-8FBE-0935F9283513}.Release|x86.ActiveCfg = Release|Win32
		{1F1E567B-1D5F-4B0F-8FBE-0935F9283513}.Release|x86.Build.0 = Release|Win32
		{41EFCBE4-DD6B-46D0-BDB3-A68936E11CCC}.Debug|Any CPU.ActiveCfg = Debug|Win32
		{41EFCBE4-DD6B-46D0-BDB3-A68936E11CCC}.Debug|x64.ActiveCfg = Debug|x64
		{41EFCBE4-DD6B-46D0-BDB3-A68936E11CCC}.Debug|x64.Build.0 = Debug|x64
		{41EFCBE4-DD6B-46D0-BDB3-A68936E11CCC}.Debug|x86.ActiveCfg = Debug|Win32
		{41EFCBE4-DD6B-46D0-BDB3-A68936E11CCC}.Debug|x86.Build.0 = Debug|Win32
		{41EFCBE4-DD6B-46D0-BDB3-A68936E11CCC}.Release|Any CPU.ActiveCfg = Release|Win32
		{41EFCBE4-DD6B-46D0-BDB3-A68936E11CCC}.Release|x64.ActiveCfg = Release|x64
		{41EFCBE4-DD6B-46D0-BDB3-A68936E11CCC}.Release|x64.Build.0 = Release|x64
		{41EFCBE4-DD6B-46D0-BDB3-A68936E11CCC}.Release|x86.ActiveCfg = Release|Win32
		{41EFCBE4-DD6B-46D0-BDB3-A68936E11CCC}.Release|x86.Build.0 = Release|Win32
		{8106A217-3E09-4E95-B957-539FEA0ABC49}.Debug|Any CPU.ActiveCfg = Debug|Win32
		{8106A217-3E09-4E95-B957-539FEA0ABC49}.Debug|x64.ActiveCfg = Debug|x64
		{8106A217-3E09-4E95-B957-539FEA0ABC49}.Debug|x64.Build.0 = Debug|x64
		{8106A217-3E09-4E95-B957-539FEA0ABC49}.Debug|x86.ActiveCfg = Debug|Win32
		{8106A217-3E09-4E95-B957-539FEA0ABC49}.Debug|x86.Build.0 = Debug|Win32
		{8106A217-3E09-4E95-B957-539FEA0ABC49}.Release|Any CPU.ActiveCfg = Release|Win32
		{8106A217-3E09-4E95-B957-539FEA0ABC49}.Release|x64.ActiveCfg = Release|x64
		{8106A217-3E09-4E95-B957-539FEA0ABC49}.Release|x64.Build.0 = Release|x64
		{8106A217-3E09-4E95-B957-539FEA0ABC49}.Release|x86.ActiveCfg = Release|Win32
		{8106A217-3E09-4E95-B957-539FEA0ABC49}.Release|x86.Build.0 = Release|Win32
		{D0B248A1-E04B-489F-AA59-1F198C206B48}.Debug|Any CPU.ActiveCfg = Debug|Win32
		{D0B248A1-E04B-489F-AA59-1F198C206B48}.Debug|x64.ActiveCfg = Debug|x64
		{D0B248A1-E04B-489F-AA59-1F198C206B48}.Debug|x64.Build.0 = Debug|x64
		{D0B248A1-E04B-489F-AA59-1F198C206B48}.Debug|x86.ActiveCfg = Debug|Win32
		{D0B248A1-E04B-489F-AA59-1F198C206B48}.Debug|x86.Build.0 = Debug|Win32
		{D0B248A1-E04B-489F-AA59-1F198C206B48}.Release|Any CPU.ActiveCfg = Release|Win32
		{D0B248A1-E04B-489F-AA59-1F198C206B48}.Release|x64.ActiveCfg = Release|x64
		{D0B248A1-E04B-489F-AA59-1F198C206B48}.Release|x64.Build.0 = Release|x64
		{D0B248A1-E04B-489F-AA59-1F198C206B48}.Release|x86.ActiveCfg = Release|Win32
		{D0B248A1-E04B-489F-AA59-1F198C206B48}.Release|x86.Build.0 = Release|Win32
		{1DE180B4-E315-4F14-9412-B1BACC039027}.Debug|Any CPU.ActiveCfg = Debug|Win32
		{1DE180B4-E315-4F14-9412-B1BACC039027}.Debug|x64.ActiveCfg = Debug|x64
		{1DE180B4-E315-4F14-9412-B1BACC039027}.Debug|x64.Build.0 = Debug|x64
		{1DE180B4-E315-4F14-9412-B1BACC039027}.Debug|x86.ActiveCfg = Debug|Win32
		{1DE180B4-E315-4F14-9412-B1BACC039027}.Debug|x86.Build.0 = Debug|Win32
		{1DE180B4-E315-4F14-9412-B1BACC039027}.Release|Any CPU.ActiveCfg = Release|Win32
		{1DE180B4-E315-4F14-9412-B1BACC039027}.Release|x64.ActiveCfg = Release|x64
		{1DE180B4-E315-4F14-9412-B1BACC039027}.Release|x64.Build.0 = Release|x64
		{1DE180B4-E315-4F14-9412-B1BACC039027}.Release|x86.ActiveCfg = Release|Win32
		{1DE180B4-E315-4F14-9412-B1BACC039027}.Release|x86.Build.0 = Release|Win32
		{660460BF-EAEB-44C8-AB9E-189D769301B7}.Debug|Any CPU.ActiveCfg = Debug|Win32
		{660460BF-EAEB-44C8-AB9E-189D769301B7}.Debug|x64.ActiveCfg = Debug|x64
		{660460BF-EAEB-44C8-AB9E-189D769301B7}.Debug|x64.Build.0 = Debug|x64
		{660460BF-EAEB-44C8-AB9E-189D769301B7}.Debug|x86.ActiveCfg = Debug|Win32
		{660460BF-EAEB-44C8-AB9E-189D769301B7}.Debug|x86.Build.0 = Debug|Win32
		{660460BF-EAEB-44C8-AB9E-189D769301B7}.Release|Any CPU.ActiveCfg = Release|Win32
		{660460BF-EAEB-44C8-AB9E-189D769301B7}.Release|x64.ActiveCfg = Release|x64
		{660460BF-EAEB-44C8-AB9E-189D769301B7}.Release|x64.Build.0 = Release|x64
		{660460BF-EAEB-44C8-AB9E-189D769301B7}.Release|x86.ActiveCfg = Release|Win32
		{660460BF-EAEB-44C8-AB9E-189D769301B7}.Release|x86.Build.0 = Release|Win32
		{BE75AD43-83D2-4AED-BA10-8D83A79F1E41}.Debug|Any CPU.ActiveCfg = Debug|Win32
		{BE75AD43-83D2-4AED-BA10-8D83A79F1E41}.Debug|x64.ActiveCfg = Debug|x64
		{BE75AD43-83D2-4AED-BA10-8D83A79F1E41}.Debug|x64.Build.0 = Debug|x64
		{BE75AD43-83D2-4AED-BA10-8D83A79F1E41}.Debug|x86.ActiveCfg = Debug|Win32
		{BE75AD43-83D2-4AED-BA10-8D83A79F1E41}.Debug|x86.Build.0 = Debug|Win32
		{BE75AD43-83D2-4AED-BA10-8D83A79F1E41}.Release|Any CPU.ActiveCfg = Release|Win32
		{BE75AD43-83D2-4AED-BA10-8D83A79F1E41}.Release|x64.ActiveCfg = Release|x64
		{BE75AD43-83D2-4AED-BA10-8D83A79F1E41}.Release|x64.Build.0 = Release|x64
		{BE75AD43-83D2-4AED-BA10-8D83A79F1E41}.Release|x86.ActiveCfg = Release|Win32
		{BE75AD43-83D2-4AED-BA10-8D83A79F1E41}.Release|x86.Build.0 = Release|Win32
		{9A0EB491-4CF6-46BB-8DDE-5A0510E6149D}.Debug|Any CPU.ActiveCfg = Debug|Win32
		{9A0EB491-4CF6-46BB-8DDE-5A0510E6149D}.Debug|x64.ActiveCfg = Debug|x64
		{9A0EB491-4CF6-46BB-8DDE-5A0510E6149D}.Debug|x64.Build.0 = Debug|x64
		{9A0EB491-4CF6-46BB-8DDE-5A0510E6149D}.Debug|x86.ActiveCfg = Debug|Win32
		{9A0EB491-4CF6-46BB-8DDE-5A0510E6149D}.Debug|x86.Build.0 = Debug|Win32
		{9A0EB491-4CF6-46BB-8DDE-5A0510E6149D}.Release|Any CPU.ActiveCfg = Release|Win32
		{9A0EB491-4CF6-46BB-8DDE-5A0510E6149D}.Release|x64.ActiveCfg = Release|x64
		{9A0EB491-4CF6-46BB-8DDE-5A0510E6149D}.Release|x64.Build.0 = Release|x64
		{9A0EB491-4CF6-46BB-8DDE-5A0510E6149D}.Release|x86.ActiveCfg = Release|Win32
		{9A0EB491-4CF6-46BB-8DDE-5A0510E6149D}.Release|x86.Build.0 = Release|Win32
		{F608A14B-F25F-4C7E-BEED-DD068CE85326}.Debug|Any CPU.ActiveCfg = Debug|Win32
		{F608A14B-F25F-4C7E-BEED-DD068CE85326}.Debug|x64.ActiveCfg = Debug|x64
		{F608A14B-F25F-4C7E-BEED-DD068CE85326}.Debug|x64.Build.0 = Debug|x64
		{F608A14B-F25F-4C7E-BEED-DD068CE85326}.Debug|x86.ActiveCfg = Debug|Win32
		{F608A14B-F25F-4C7E-BEED-DD068CE85326}.Debug|x86.Build.0 = Debug|Win32
		{F608A14B-F25F-4C7E-BEED-DD068CE85326}.Release|Any CPU.ActiveCfg = Release|Win32
		{F608A14B-F25F-4C7E-BEED-DD068CE85326}.Release|x64.ActiveCfg = Release|x64
		{F608A14B-F25F-4C7E-BEED-DD068CE85326}.Release|x64.Build.0 = Release|x64
		{F608A14B-F25F-4C7E-BEED-DD068CE85326}.Release|x86.ActiveCfg = Release|Win32
		{F608A14B-F25F-4C7E-BEED-DD068CE85326}.Release|x86.Build.0 = Release|Win32
		{D33E9DDE-4C28-460B-81B8-7EBE624C2B08}.Debug|Any CPU.ActiveCfg = Debug|Win32
		{D33E9DDE-4C28-460B-81B8-7EBE624C2B08}.Debug|x64.ActiveCfg = Debug|x64
		{D33E9DDE-4C28-460B-81B8-7EBE624C2B08}.Debug|x64.Build.0 = Debug|x64
		{D33E9DDE-4C28-460B-81B8-7EBE624C2B08}.Debug|x86.ActiveCfg = Debug|Win32
		{D33E9DDE-4C28-460B-81B8-7EBE624C2B08}.Debug|x86.Build.0 = Debug|Win32
		{D33E9DDE-4C28-460B-81B8-7EBE624C2B08}.Release|Any CPU.ActiveCfg = Release|Win32
		{D33E9DDE-4C28-460B-81B8-7EBE624C2B08}.Release|x64.ActiveCfg = Release|x64
		{D33E9DDE-4C28-460B-81B8-7EBE624C2B08}.Release|x64.Build.0 = Release|x64
		{D33E9DDE-4C28-460B-81B8-7EBE624C2B08}.Release|x86.ActiveCfg = Release|Win32
		{D33E9DDE-4C28-460B-81B8-7EBE624C2B08}.Release|x86.Build.0 = Release|Win32
		{244AA0EB-C39E-4555-8783-31A9E06AEB8E}.Debug|Any CPU.ActiveCfg = Debug|Win32
		{244AA0EB-C39E-4555-8783-31A9E06AEB8E}.Debug|x64.ActiveCfg = Debug|x64
		{244AA0EB-C39E-4555-8783-31A9E06AEB8E}.Debug|x64.Build.0 = Debug|x64
		{244AA0EB-C39E-4555-8783-31A9E06AEB8E}.Debug|x86.ActiveCfg = Debug|Win32
		{244AA0EB-C39E-4555-8783-31A9E06AEB8E}.Debug|x86.Build.0 = Debug|Win32
		{244AA0EB-C39E-4555-8783-31A9E06AEB8E}.Release|Any CPU.ActiveCfg = Release|Win32
		{244AA0EB-C39E-4555-8783-31A9E06AEB8E}.Release|x64.ActiveCfg = Release|x64
		{244AA0EB-C39E-4555-8783-31A9E06AEB8E}.Release|x64.Build.0 = Release|x64
		{244AA0EB-C39E-4555-8783-31A9E06AEB8E}.Release|x86.ActiveCfg = Release|Win32
		{244AA0EB-C39E-4555-8783-31A9E06AEB8E}.Release|x86.Build.0 = Release|Win32
		{09F330FC-CBB3-4C90-AB60-404F6C9FC6DA}.Debug|Any CPU.ActiveCfg = Debug|Win32
		{09F330FC-CBB3-4C90-AB60-404F6C9FC6DA}.Debug|x64.ActiveCfg = Debug|x64
		{09F330FC-CBB3-4C90-AB60-404F6C9FC6DA}.Debug|x64.Build.0 = Debug|x64
		{09F330FC-CBB3-4C90-AB60-404F6C9FC6DA}.Debug|x86.ActiveCfg = Debug|Win32
		{09F330FC-CBB3-4C90-AB60-404F6C9FC6DA}.Debug|x86.Build.0 = Debug|Win32
		{09F330FC-CBB3-4C90-AB60-404F6C9FC6DA}.Release|Any CPU.ActiveCfg = Release|Win32
		{09F330FC-CBB3-4C90-AB60-404F6C9FC6DA}.Release|x64.ActiveCfg = Release|x64
		{09F330FC-CBB3-4C90-AB60-404F6C9FC6DA}.Release|x64.Build.0 = Release|x64
		{09F330FC-CBB3-4C90-AB60-404F6C9FC6DA}.Release|x86.ActiveCfg = Release|Win32
		{09F330FC-CBB3-4C90-AB60-404F6C9FC6DA}.Release|x86.Build.0 = Release|Win32
	EndGlobalSection
	GlobalSection(SolutionProperties) = preSolution
		HideSolutionNode = FALSE
	EndGlobalSection
EndGlobal
